{
  "requires": true,
  "lockfileVersion": 1,
  "dependencies": {
    "image-map": {
      "version": "1.1.7",
      "resolved": "https://registry.npmjs.org/image-map/-/image-map-1.1.7.tgz",
      "integrity": "sha512-7V/Ep9pIdHMZUYm6nNrlwxaPDaI9Jxg8/UekINSVYRIwRQ6018k7G6KkYhvrQSB1+vP0BgPjfWoeamkyvxD7iQ=="
    },
    "jquery": {
      "version": "3.4.1",
      "resolved": "https://registry.npmjs.org/jquery/-/jquery-3.4.1.tgz",
      "integrity": "sha512-36+AdBzCL+y6qjw5Tx7HgzeGCzC81MDDgaUP8ld2zhx58HdqXGoBd+tHdrBMiyjGQs0Hxs/MLZTu/eHNJJuWPw=="
    }
  }
}
