
Microsoft Visual Studio Solution File, Format Version 12.00
# Visual Studio Version 16
VisualStudioVersion = 16.0.29905.134
MinimumVisualStudioVersion = 10.0.40219.1
Project("{9A19103F-16F7-4668-BE54-9A1E7A4F7556}") = "Backend", "Backend\Backend.csproj", "{F2A7992B-D040-4BC7-933D-5DD376713E39}"
EndProject
Project("{FAE04EC0-301F-11D3-BF4B-00C04F79EFBC}") = "Frontend", "Frontend\Frontend.csproj", "{ED944844-132C-411D-B8C7-BB6CB8EADE47}"
EndProject
Global
	GlobalSection(SolutionConfigurationPlatforms) = preSolution
		Debug|Any CPU = Debug|Any CPU
		Release|Any CPU = Release|Any CPU
	EndGlobalSection
	GlobalSection(ProjectConfigurationPlatforms) = postSolution
		{F2A7992B-D040-4BC7-933D-5DD376713E39}.Debug|Any CPU.ActiveCfg = Debug|Any CPU
		{F2A7992B-D040-4BC7-933D-5DD376713E39}.Debug|Any CPU.Build.0 = Debug|Any CPU
		{F2A7992B-D040-4BC7-933D-5DD376713E39}.Release|Any CPU.ActiveCfg = Release|Any CPU
		{F2A7992B-D040-4BC7-933D-5DD376713E39}.Release|Any CPU.Build.0 = Release|Any CPU
		{ED944844-132C-411D-B8C7-BB6CB8EADE47}.Debug|Any CPU.ActiveCfg = Debug|Any CPU
		{ED944844-132C-411D-B8C7-BB6CB8EADE47}.Debug|Any CPU.Build.0 = Debug|Any CPU
		{ED944844-132C-411D-B8C7-BB6CB8EADE47}.Release|Any CPU.ActiveCfg = Release|Any CPU
		{ED944844-132C-411D-B8C7-BB6CB8EADE47}.Release|Any CPU.Build.0 = Release|Any CPU
	EndGlobalSection
	GlobalSection(SolutionProperties) = preSolution
		HideSolutionNode = FALSE
	EndGlobalSection
	GlobalSection(ExtensibilityGlobals) = postSolution
		SolutionGuid = {0703B913-E23B-4868-BA8B-4BB1B81CB442}
	EndGlobalSection
EndGlobal
